Microsoft Visual Studio Solution File, Format Version 12.00
# Visual Studio 2013
VisualStudioVersion = 12.0.40629.0
MinimumVisualStudioVersion = 10.0.40219.1
Project("{F184B08F-C81C-45F6-A57F-5ABD9991F28F}") = "T461136", "T461136\T461136.vbproj", "{E5D49587-F8A6-4333-9136-B4BDAFAC0FED}"
EndProject
Project("{F184B08F-C81C-45F6-A57F-5ABD9991F28F}") = "CustomLabel", "CustomLabel\CustomLabel.vbproj", "{F110D4F8-F891-49FE-AD04-E539BC751F54}"
EndProject
Global
	GlobalSection(SolutionConfigurationPlatforms) = preSolution
		Debug|Any CPU = Debug|Any CPU
		Release|Any CPU = Release|Any CPU
	EndGlobalSection
	GlobalSection(ProjectConfigurationPlatforms) = postSolution
		{E5D49587-F8A6-4333-9136-B4BDAFAC0FED}.Debug|Any CPU.ActiveCfg = Debug|Any CPU
		{E5D49587-F8A6-4333-9136-B4BDAFAC0FED}.Debug|Any CPU.Build.0 = Debug|Any CPU
		{E5D49587-F8A6-4333-9136-B4BDAFAC0FED}.Release|Any CPU.ActiveCfg = Release|Any CPU
		{E5D49587-F8A6-4333-9136-B4BDAFAC0FED}.Release|Any CPU.Build.0 = Release|Any CPU
		{F110D4F8-F891-49FE-AD04-E539BC751F54}.Debug|Any CPU.ActiveCfg = Debug|Any CPU
		{F110D4F8-F891-49FE-AD04-E539BC751F54}.Debug|Any CPU.Build.0 = Debug|Any CPU
		{F110D4F8-F891-49FE-AD04-E539BC751F54}.Release|Any CPU.ActiveCfg = Release|Any CPU
		{F110D4F8-F891-49FE-AD04-E539BC751F54}.Release|Any CPU.Build.0 = Release|Any CPU
	EndGlobalSection
	GlobalSection(SolutionProperties) = preSolution
		HideSolutionNode = FALSE
	EndGlobalSection
EndGlobal
